
Microsoft Visual Studio Solution File, Format Version 12.00
# Visual Studio Version 16
VisualStudioVersion = 16.0.32228.343
MinimumVisualStudioVersion = 10.0.40219.1
Project("{888888A0-9F3D-457C-B088-3A5042F75D52}") = "separation_by_gender", "separation_by_gender\separation_by_gender.pyproj", "{DEA588C4-880C-423D-8DAF-421ED54F9042}"
EndProject
Global
	GlobalSection(SolutionConfigurationPlatforms) = preSolution
		Debug|Any CPU = Debug|Any CPU
		Release|Any CPU = Release|Any CPU
	EndGlobalSection
	GlobalSection(ProjectConfigurationPlatforms) = postSolution
		{DEA588C4-880C-423D-8DAF-421ED54F9042}.Debug|Any CPU.ActiveCfg = Debug|Any CPU
		{DEA588C4-880C-423D-8DAF-421ED54F9042}.Release|Any CPU.ActiveCfg = Release|Any CPU
	EndGlobalSection
	GlobalSection(SolutionProperties) = preSolution
		HideSolutionNode = FALSE
	EndGlobalSection
	GlobalSection(ExtensibilityGlobals) = postSolution
		SolutionGuid = {3097738E-A059-4D24-82B5-BA5A9D5FCFE3}
	EndGlobalSection
EndGlobal
