
Microsoft Visual Studio Solution File, Format Version 12.00
# Visual Studio Version 16
VisualStudioVersion = 16.0.30907.101
MinimumVisualStudioVersion = 10.0.40219.1
Project("{888888A0-9F3D-457C-B088-3A5042F75D52}") = "dict_article_categories_module", "dict_article_categories_module\dict_article_categories_module.pyproj", "{5FAA6A9F-FC21-4061-A721-9B8CBB96A7A7}"
EndProject
Global
	GlobalSection(SolutionConfigurationPlatforms) = preSolution
		Debug|Any CPU = Debug|Any CPU
		Release|Any CPU = Release|Any CPU
	EndGlobalSection
	GlobalSection(ProjectConfigurationPlatforms) = postSolution
		{5FAA6A9F-FC21-4061-A721-9B8CBB96A7A7}.Debug|Any CPU.ActiveCfg = Debug|Any CPU
		{5FAA6A9F-FC21-4061-A721-9B8CBB96A7A7}.Release|Any CPU.ActiveCfg = Release|Any CPU
	EndGlobalSection
	GlobalSection(SolutionProperties) = preSolution
		HideSolutionNode = FALSE
	EndGlobalSection
	GlobalSection(ExtensibilityGlobals) = postSolution
		SolutionGuid = {2A10445E-C1B1-4451-9AC1-BBC4E394160B}
	EndGlobalSection
EndGlobal
