
Microsoft Visual Studio Solution File, Format Version 12.00
# Visual Studio Version 16
VisualStudioVersion = 16.0.32126.315
MinimumVisualStudioVersion = 10.0.40219.1
Project("{888888A0-9F3D-457C-B088-3A5042F75D52}") = "largeOpen2", "largeOpen2\largeOpen2.pyproj", "{36F245DC-6E94-45E8-A9DA-3EA1C63CFE26}"
EndProject
Global
	GlobalSection(SolutionConfigurationPlatforms) = preSolution
		Debug|Any CPU = Debug|Any CPU
		Release|Any CPU = Release|Any CPU
	EndGlobalSection
	GlobalSection(ProjectConfigurationPlatforms) = postSolution
		{36F245DC-6E94-45E8-A9DA-3EA1C63CFE26}.Debug|Any CPU.ActiveCfg = Debug|Any CPU
		{36F245DC-6E94-45E8-A9DA-3EA1C63CFE26}.Release|Any CPU.ActiveCfg = Release|Any CPU
	EndGlobalSection
	GlobalSection(SolutionProperties) = preSolution
		HideSolutionNode = FALSE
	EndGlobalSection
	GlobalSection(ExtensibilityGlobals) = postSolution
		SolutionGuid = {25E87252-990C-47A3-8704-5746413A23B7}
	EndGlobalSection
EndGlobal
