
Microsoft Visual Studio Solution File, Format Version 12.00
# Visual Studio Version 16
VisualStudioVersion = 16.0.32228.343
MinimumVisualStudioVersion = 10.0.40219.1
Project("{888888A0-9F3D-457C-B088-3A5042F75D52}") = "AUC_task1", "AUC_task1\AUC_task1.pyproj", "{7CA7740B-562C-4D66-BA67-CE1AAE9808A8}"
EndProject
Global
	GlobalSection(SolutionConfigurationPlatforms) = preSolution
		Debug|Any CPU = Debug|Any CPU
		Release|Any CPU = Release|Any CPU
	EndGlobalSection
	GlobalSection(ProjectConfigurationPlatforms) = postSolution
		{7CA7740B-562C-4D66-BA67-CE1AAE9808A8}.Debug|Any CPU.ActiveCfg = Debug|Any CPU
		{7CA7740B-562C-4D66-BA67-CE1AAE9808A8}.Release|Any CPU.ActiveCfg = Release|Any CPU
	EndGlobalSection
	GlobalSection(SolutionProperties) = preSolution
		HideSolutionNode = FALSE
	EndGlobalSection
	GlobalSection(ExtensibilityGlobals) = postSolution
		SolutionGuid = {DE5402AC-8B3D-4B3D-AF8F-BF25ABE8A18E}
	EndGlobalSection
EndGlobal
