
Microsoft Visual Studio Solution File, Format Version 12.00
# Visual Studio Version 16
VisualStudioVersion = 16.0.32106.194
MinimumVisualStudioVersion = 10.0.40219.1
Project("{888888A0-9F3D-457C-B088-3A5042F75D52}") = "task_4", "task_4\task_4.pyproj", "{151E3F9C-D591-46BB-8A3F-21C12746E0BE}"
EndProject
Global
	GlobalSection(SolutionConfigurationPlatforms) = preSolution
		Debug|Any CPU = Debug|Any CPU
		Release|Any CPU = Release|Any CPU
	EndGlobalSection
	GlobalSection(ProjectConfigurationPlatforms) = postSolution
		{151E3F9C-D591-46BB-8A3F-21C12746E0BE}.Debug|Any CPU.ActiveCfg = Debug|Any CPU
		{151E3F9C-D591-46BB-8A3F-21C12746E0BE}.Release|Any CPU.ActiveCfg = Release|Any CPU
	EndGlobalSection
	GlobalSection(SolutionProperties) = preSolution
		HideSolutionNode = FALSE
	EndGlobalSection
	GlobalSection(ExtensibilityGlobals) = postSolution
		SolutionGuid = {0F3C8305-87CC-4F4F-AFCE-344F3488C20C}
	EndGlobalSection
EndGlobal
