
Microsoft Visual Studio Solution File, Format Version 12.00
# Visual Studio Version 16
VisualStudioVersion = 16.0.32228.343
MinimumVisualStudioVersion = 10.0.40219.1
Project("{888888A0-9F3D-457C-B088-3A5042F75D52}") = "Checker", "Checker\Checker.pyproj", "{923617A2-A1EF-4D7C-AC13-59A5E65B74F3}"
EndProject
Global
	GlobalSection(SolutionConfigurationPlatforms) = preSolution
		Debug|Any CPU = Debug|Any CPU
		Release|Any CPU = Release|Any CPU
	EndGlobalSection
	GlobalSection(ProjectConfigurationPlatforms) = postSolution
		{923617A2-A1EF-4D7C-AC13-59A5E65B74F3}.Debug|Any CPU.ActiveCfg = Debug|Any CPU
		{923617A2-A1EF-4D7C-AC13-59A5E65B74F3}.Release|Any CPU.ActiveCfg = Release|Any CPU
	EndGlobalSection
	GlobalSection(SolutionProperties) = preSolution
		HideSolutionNode = FALSE
	EndGlobalSection
	GlobalSection(ExtensibilityGlobals) = postSolution
		SolutionGuid = {E91C11B2-C3E3-47E6-846A-4154F8291B2F}
	EndGlobalSection
EndGlobal
